Microsoft Visual Studio Solution File, Format Version 12.00
# Visual Studio Version 17
VisualStudioVersion = 17.5.2.0
MinimumVisualStudioVersion = 10.0.40219.1
Project("{FAE04EC0-301F-11D3-BF4B-00C04F79EFBC}") = "GITingtoKnowYou", "GITingtoKnowYou.csproj", "{5825135B-4877-68A1-063E-2ABAB9F4386B}"
EndProject
Global
	GlobalSection(SolutionConfigurationPlatforms) = preSolution
		Debug|Any CPU = Debug|Any CPU
		Release|Any CPU = Release|Any CPU
	EndGlobalSection
	GlobalSection(ProjectConfigurationPlatforms) = postSolution
		{5825135B-4877-68A1-063E-2ABAB9F4386B}.Debug|Any CPU.ActiveCfg = Debug|Any CPU
		{5825135B-4877-68A1-063E-2ABAB9F4386B}.Debug|Any CPU.Build.0 = Debug|Any CPU
		{5825135B-4877-68A1-063E-2ABAB9F4386B}.Release|Any CPU.ActiveCfg = Release|Any CPU
		{5825135B-4877-68A1-063E-2ABAB9F4386B}.Release|Any CPU.Build.0 = Release|Any CPU
	EndGlobalSection
	GlobalSection(SolutionProperties) = preSolution
		HideSolutionNode = FALSE
	EndGlobalSection
	GlobalSection(ExtensibilityGlobals) = postSolution
		SolutionGuid = {1084CF49-3394-416A-A5F8-BF1CFF67E244}
	EndGlobalSection
EndGlobal
